
Microsoft Visual Studio Solution File, Format Version 12.00
# Visual Studio Version 17
VisualStudioVersion = 17.6.33712.159
MinimumVisualStudioVersion = 10.0.40219.1
Project("{FAE04EC0-301F-11D3-BF4B-00C04F79EFBC}") = "Termproject__v0.1.0", "Termproject__v0.1.0.csproj", "{C467FB58-5588-4E20-9FBF-7A81A4D933A8}"
EndProject
Global
	GlobalSection(SolutionConfigurationPlatforms) = preSolution
		Debug|Any CPU = Debug|Any CPU
		Release|Any CPU = Release|Any CPU
	EndGlobalSection
	GlobalSection(ProjectConfigurationPlatforms) = postSolution
		{C467FB58-5588-4E20-9FBF-7A81A4D933A8}.Debug|Any CPU.ActiveCfg = Debug|Any CPU
		{C467FB58-5588-4E20-9FBF-7A81A4D933A8}.Debug|Any CPU.Build.0 = Debug|Any CPU
		{C467FB58-5588-4E20-9FBF-7A81A4D933A8}.Release|Any CPU.ActiveCfg = Release|Any CPU
		{C467FB58-5588-4E20-9FBF-7A81A4D933A8}.Release|Any CPU.Build.0 = Release|Any CPU
	EndGlobalSection
	GlobalSection(SolutionProperties) = preSolution
		HideSolutionNode = FALSE
	EndGlobalSection
	GlobalSection(ExtensibilityGlobals) = postSolution
		SolutionGuid = {BB9DDBF1-B57E-4524-8389-B3DB24FCCBF3}
	EndGlobalSection
EndGlobal
